
Microsoft Visual Studio Solution File, Format Version 12.00
# 17
VisualStudioVersion = 17.11.35327.3
MinimumVisualStudioVersion = 10.0.40219.1
Project("{2150E333-8FDC-42A3-9474-1A3956D46DE8}") = "Solution Items", "Solution Items", "{608BB27F-2FF8-49CB-A96C-6FFF022183B4}"
	ProjectSection(SolutionItems) = preProject
		azureDevOps.yml = azureDevOps.yml
		buildNPack.yml = buildNPack.yml
		buildNZip.yml = buildNZip.yml
	EndProjectSection
EndProject
Global
	GlobalSection(SolutionProperties) = preSolution
		HideSolutionNode = FALSE
	EndGlobalSection
	GlobalSection(ExtensibilityGlobals) = postSolution
		SolutionGuid = {62C9072A-D1A0-411D-8C9C-DC09F8BFA925}
	EndGlobalSection
EndGlobal
